
Microsoft Visual Studio Solution File, Format Version 12.00
# Visual Studio 15
VisualStudioVersion = 15.0.28307.1267
MinimumVisualStudioVersion = 10.0.40219.1
Project("{8BC9CEB8-8B4A-11D0-8D11-00A0C91BC942}") = "plugin", "plugin\plugin.vcxproj", "{645DE55D-FF97-4E4F-8152-CD6B2EFBD29D}"
EndProject
Project("{8BC9CEB8-8B4A-11D0-8D11-00A0C91BC942}") = "dlltest", "dlltest\dlltest.vcxproj", "{9AC2AD3E-25FF-406D-B7BF-A0E7DD0568B0}"
EndProject
Global
	GlobalSection(SolutionConfigurationPlatforms) = preSolution
		Debug|x64 = Debug|x64
		Debug|x86 = Debug|x86
		Release|x64 = Release|x64
		Release|x86 = Release|x86
	EndGlobalSection
	GlobalSection(ProjectConfigurationPlatforms) = postSolution
		{645DE55D-FF97-4E4F-8152-CD6B2EFBD29D}.Debug|x64.ActiveCfg = Debug|x64
		{645DE55D-FF97-4E4F-8152-CD6B2EFBD29D}.Debug|x64.Build.0 = Debug|x64
		{645DE55D-FF97-4E4F-8152-CD6B2EFBD29D}.Debug|x86.ActiveCfg = Debug|Win32
		{645DE55D-FF97-4E4F-8152-CD6B2EFBD29D}.Debug|x86.Build.0 = Debug|Win32
		{645DE55D-FF97-4E4F-8152-CD6B2EFBD29D}.Release|x64.ActiveCfg = Release|x64
		{645DE55D-FF97-4E4F-8152-CD6B2EFBD29D}.Release|x64.Build.0 = Release|x64
		{645DE55D-FF97-4E4F-8152-CD6B2EFBD29D}.Release|x86.ActiveCfg = Release|Win32
		{645DE55D-FF97-4E4F-8152-CD6B2EFBD29D}.Release|x86.Build.0 = Release|Win32
		{9AC2AD3E-25FF-406D-B7BF-A0E7DD0568B0}.Debug|x64.ActiveCfg = Debug|x64
		{9AC2AD3E-25FF-406D-B7BF-A0E7DD0568B0}.Debug|x64.Build.0 = Debug|x64
		{9AC2AD3E-25FF-406D-B7BF-A0E7DD0568B0}.Debug|x86.ActiveCfg = Debug|Win32
		{9AC2AD3E-25FF-406D-B7BF-A0E7DD0568B0}.Debug|x86.Build.0 = Debug|Win32
		{9AC2AD3E-25FF-406D-B7BF-A0E7DD0568B0}.Release|x64.ActiveCfg = Release|x64
		{9AC2AD3E-25FF-406D-B7BF-A0E7DD0568B0}.Release|x64.Build.0 = Release|x64
		{9AC2AD3E-25FF-406D-B7BF-A0E7DD0568B0}.Release|x86.ActiveCfg = Release|Win32
		{9AC2AD3E-25FF-406D-B7BF-A0E7DD0568B0}.Release|x86.Build.0 = Release|Win32
	EndGlobalSection
	GlobalSection(SolutionProperties) = preSolution
		HideSolutionNode = FALSE
	EndGlobalSection
	GlobalSection(ExtensibilityGlobals) = postSolution
		SolutionGuid = {F2073A4E-E88E-43C2-A8B9-EDCF65E465F3}
	EndGlobalSection
EndGlobal
